// !$*UTF8*$!
{
	archiveVersion = 1;
	classes = {
	};
	objectVersion = 50;
	objects = {

/* Begin PBXBuildFile section */
		CAB027B62540583E007E5B72 /* Machines.swift in Sources */ = {isa = PBXBuildFile; fileRef = CAB027B52540583E007E5B72 /* Machines.swift */; };
		CAB027C725408A68007E5B72 /* Race.swift in Sources */ = {isa = PBXBuildFile; fileRef = CAB027C625408A68007E5B72 /* Race.swift */; };
		CAB027CF2540D3E0007E5B72 /* TypesOfRace.swift in Sources */ = {isa = PBXBuildFile; fileRef = CAB027CE2540D3E0007E5B72 /* TypesOfRace.swift */; };
		CAB027D22540D4DA007E5B72 /* RaceErrors.swift in Sources */ = {isa = PBXBuildFile; fileRef = CAB027D12540D4DA007E5B72 /* RaceErrors.swift */; };
		CAB0282B254206CE007E5B72 /* TwinkyCamel.swift in Sources */ = {isa = PBXBuildFile; fileRef = CAB0282A254206CE007E5B72 /* TwinkyCamel.swift */; };
		CAB0282E254206FD007E5B72 /* SpeedyCamel.swift in Sources */ = {isa = PBXBuildFile; fileRef = CAB0282D254206FD007E5B72 /* SpeedyCamel.swift */; };
		CAB028312542071C007E5B72 /* Centaur.swift in Sources */ = {isa = PBXBuildFile; fileRef = CAB028302542071C007E5B72 /* Centaur.swift */; };
		CAB028342542072F007E5B72 /* SpeedyBoots.swift in Sources */ = {isa = PBXBuildFile; fileRef = CAB028332542072F007E5B72 /* SpeedyBoots.swift */; };
		CAB0283725420756007E5B72 /* FlyCarpet.swift in Sources */ = {isa = PBXBuildFile; fileRef = CAB0283625420756007E5B72 /* FlyCarpet.swift */; };
		CAB0283A25420766007E5B72 /* Mortar.swift in Sources */ = {isa = PBXBuildFile; fileRef = CAB0283925420766007E5B72 /* Mortar.swift */; };
		CAB0283D25420784007E5B72 /* Broom.swift in Sources */ = {isa = PBXBuildFile; fileRef = CAB0283C25420784007E5B72 /* Broom.swift */; };
		CAB0284025421319007E5B72 /* RaceMachinesBuilder.swift in Sources */ = {isa = PBXBuildFile; fileRef = CAB0283F25421319007E5B72 /* RaceMachinesBuilder.swift */; };
		CAF6F870253B6B5400BFB507 /* main.swift in Sources */ = {isa = PBXBuildFile; fileRef = CAF6F86F253B6B5400BFB507 /* main.swift */; };
		CAF6F878253B6B7600BFB507 /* RaceMachine.swift in Sources */ = {isa = PBXBuildFile; fileRef = CAF6F877253B6B7600BFB507 /* RaceMachine.swift */; };
		CAF6F87B253B6B9700BFB507 /* GroundRaceMachine.swift in Sources */ = {isa = PBXBuildFile; fileRef = CAF6F87A253B6B9700BFB507 /* GroundRaceMachine.swift */; };
		CAF6F87E253B6BB700BFB507 /* AirRaceMachine.swift in Sources */ = {isa = PBXBuildFile; fileRef = CAF6F87D253B6BB700BFB507 /* AirRaceMachine.swift */; };
		CAF6F883253B732500BFB507 /* Raceble.swift in Sources */ = {isa = PBXBuildFile; fileRef = CAF6F882253B732500BFB507 /* Raceble.swift */; };
/* End PBXBuildFile section */

/* Begin PBXCopyFilesBuildPhase section */
		CAF6F86A253B6B5400BFB507 /* CopyFiles */ = {
			isa = PBXCopyFilesBuildPhase;
			buildActionMask = 2147483647;
			dstPath = /usr/share/man/man1/;
			dstSubfolderSpec = 0;
			files = (
			);
			runOnlyForDeploymentPostprocessing = 1;
		};
/* End PBXCopyFilesBuildPhase section */

/* Begin PBXFileReference section */
		CAB027B52540583E007E5B72 /* Machines.swift */ = {isa = PBXFileReference; lastKnownFileType = sourcecode.swift; path = Machines.swift; sourceTree = "<group>"; };
		CAB027C625408A68007E5B72 /* Race.swift */ = {isa = PBXFileReference; lastKnownFileType = sourcecode.swift; path = Race.swift; sourceTree = "<group>"; };
		CAB027CE2540D3E0007E5B72 /* TypesOfRace.swift */ = {isa = PBXFileReference; lastKnownFileType = sourcecode.swift; path = TypesOfRace.swift; sourceTree = "<group>"; };
		CAB027D12540D4DA007E5B72 /* RaceErrors.swift */ = {isa = PBXFileReference; lastKnownFileType = sourcecode.swift; path = RaceErrors.swift; sourceTree = "<group>"; };
		CAB0282A254206CE007E5B72 /* TwinkyCamel.swift */ = {isa = PBXFileReference; lastKnownFileType = sourcecode.swift; path = TwinkyCamel.swift; sourceTree = "<group>"; };
		CAB0282D254206FD007E5B72 /* SpeedyCamel.swift */ = {isa = PBXFileReference; lastKnownFileType = sourcecode.swift; path = SpeedyCamel.swift; sourceTree = "<group>"; };
		CAB028302542071C007E5B72 /* Centaur.swift */ = {isa = PBXFileReference; lastKnownFileType = sourcecode.swift; path = Centaur.swift; sourceTree = "<group>"; };
		CAB028332542072F007E5B72 /* SpeedyBoots.swift */ = {isa = PBXFileReference; lastKnownFileType = sourcecode.swift; path = SpeedyBoots.swift; sourceTree = "<group>"; };
		CAB0283625420756007E5B72 /* FlyCarpet.swift */ = {isa = PBXFileReference; lastKnownFileType = sourcecode.swift; path = FlyCarpet.swift; sourceTree = "<group>"; };
		CAB0283925420766007E5B72 /* Mortar.swift */ = {isa = PBXFileReference; lastKnownFileType = sourcecode.swift; path = Mortar.swift; sourceTree = "<group>"; };
		CAB0283C25420784007E5B72 /* Broom.swift */ = {isa = PBXFileReference; lastKnownFileType = sourcecode.swift; path = Broom.swift; sourceTree = "<group>"; };
		CAB0283F25421319007E5B72 /* RaceMachinesBuilder.swift */ = {isa = PBXFileReference; lastKnownFileType = sourcecode.swift; path = RaceMachinesBuilder.swift; sourceTree = "<group>"; };
		CAF6F86C253B6B5400BFB507 /* Race */ = {isa = PBXFileReference; explicitFileType = "compiled.mach-o.executable"; includeInIndex = 0; path = Race; sourceTree = BUILT_PRODUCTS_DIR; };
		CAF6F86F253B6B5400BFB507 /* main.swift */ = {isa = PBXFileReference; lastKnownFileType = sourcecode.swift; path = main.swift; sourceTree = "<group>"; };
		CAF6F877253B6B7600BFB507 /* RaceMachine.swift */ = {isa = PBXFileReference; lastKnownFileType = sourcecode.swift; path = RaceMachine.swift; sourceTree = "<group>"; };
		CAF6F87A253B6B9700BFB507 /* GroundRaceMachine.swift */ = {isa = PBXFileReference; lastKnownFileType = sourcecode.swift; path = GroundRaceMachine.swift; sourceTree = "<group>"; };
		CAF6F87D253B6BB700BFB507 /* AirRaceMachine.swift */ = {isa = PBXFileReference; lastKnownFileType = sourcecode.swift; path = AirRaceMachine.swift; sourceTree = "<group>"; };
		CAF6F882253B732500BFB507 /* Raceble.swift */ = {isa = PBXFileReference; lastKnownFileType = sourcecode.swift; path = Raceble.swift; sourceTree = "<group>"; };
/* End PBXFileReference section */

/* Begin PBXFrameworksBuildPhase section */
		CAF6F869253B6B5400BFB507 /* Frameworks */ = {
			isa = PBXFrameworksBuildPhase;
			buildActionMask = 2147483647;
			files = (
			);
			runOnlyForDeploymentPostprocessing = 0;
		};
/* End PBXFrameworksBuildPhase section */

/* Begin PBXGroup section */
		CAF6F863253B6B5400BFB507 = {
			isa = PBXGroup;
			children = (
				CAF6F86F253B6B5400BFB507 /* main.swift */,
				CAF6F86E253B6B5400BFB507 /* Race */,
				CAF6F86D253B6B5400BFB507 /* Products */,
			);
			sourceTree = "<group>";
		};
		CAF6F86D253B6B5400BFB507 /* Products */ = {
			isa = PBXGroup;
			children = (
				CAF6F86C253B6B5400BFB507 /* Race */,
			);
			name = Products;
			sourceTree = "<group>";
		};
		CAF6F86E253B6B5400BFB507 /* Race */ = {
			isa = PBXGroup;
			children = (
				CAB027C625408A68007E5B72 /* Race.swift */,
				CAF6F877253B6B7600BFB507 /* RaceMachine.swift */,
				CAF6F882253B732500BFB507 /* Raceble.swift */,
				CAB027B52540583E007E5B72 /* Machines.swift */,
				CAB027CE2540D3E0007E5B72 /* TypesOfRace.swift */,
				CAB027D12540D4DA007E5B72 /* RaceErrors.swift */,
				CAB0283F25421319007E5B72 /* RaceMachinesBuilder.swift */,
				CAF6F881253B6E3500BFB507 /* AirMachines */,
				CAF6F880253B6E2300BFB507 /* GroundMachines */,
			);
			path = Race;
			sourceTree = "<group>";
		};
		CAF6F880253B6E2300BFB507 /* GroundMachines */ = {
			isa = PBXGroup;
			children = (
				CAF6F87A253B6B9700BFB507 /* GroundRaceMachine.swift */,
				CAB0282A254206CE007E5B72 /* TwinkyCamel.swift */,
				CAB0282D254206FD007E5B72 /* SpeedyCamel.swift */,
				CAB028302542071C007E5B72 /* Centaur.swift */,
				CAB028332542072F007E5B72 /* SpeedyBoots.swift */,
			);
			path = GroundMachines;
			sourceTree = "<group>";
		};
		CAF6F881253B6E3500BFB507 /* AirMachines */ = {
			isa = PBXGroup;
			children = (
				CAF6F87D253B6BB700BFB507 /* AirRaceMachine.swift */,
				CAB0283625420756007E5B72 /* FlyCarpet.swift */,
				CAB0283925420766007E5B72 /* Mortar.swift */,
				CAB0283C25420784007E5B72 /* Broom.swift */,
			);
			path = AirMachines;
			sourceTree = "<group>";
		};
/* End PBXGroup section */

/* Begin PBXNativeTarget section */
		CAF6F86B253B6B5400BFB507 /* Race */ = {
			isa = PBXNativeTarget;
			buildConfigurationList = CAF6F873253B6B5400BFB507 /* Build configuration list for PBXNativeTarget "Race" */;
			buildPhases = (
				CAF6F868253B6B5400BFB507 /* Sources */,
				CAF6F869253B6B5400BFB507 /* Frameworks */,
				CAF6F86A253B6B5400BFB507 /* CopyFiles */,
			);
			buildRules = (
			);
			dependencies = (
			);
			name = Race;
			productName = Race;
			productReference = CAF6F86C253B6B5400BFB507 /* Race */;
			productType = "com.apple.product-type.tool";
		};
/* End PBXNativeTarget section */

/* Begin PBXProject section */
		CAF6F864253B6B5400BFB507 /* Project object */ = {
			isa = PBXProject;
			attributes = {
				LastSwiftUpdateCheck = 1200;
				LastUpgradeCheck = 1200;
				TargetAttributes = {
					CAF6F86B253B6B5400BFB507 = {
						CreatedOnToolsVersion = 12.0.1;
					};
				};
			};
			buildConfigurationList = CAF6F867253B6B5400BFB507 /* Build configuration list for PBXProject "Race" */;
			compatibilityVersion = "Xcode 9.3";
			developmentRegion = en;
			hasScannedForEncodings = 0;
			knownRegions = (
				en,
				Base,
			);
			mainGroup = CAF6F863253B6B5400BFB507;
			productRefGroup = CAF6F86D253B6B5400BFB507 /* Products */;
			projectDirPath = "";
			projectRoot = "";
			targets = (
				CAF6F86B253B6B5400BFB507 /* Race */,
			);
		};
/* End PBXProject section */

/* Begin PBXSourcesBuildPhase section */
		CAF6F868253B6B5400BFB507 /* Sources */ = {
			isa = PBXSourcesBuildPhase;
			buildActionMask = 2147483647;
			files = (
				CAF6F878253B6B7600BFB507 /* RaceMachine.swift in Sources */,
				CAF6F87B253B6B9700BFB507 /* GroundRaceMachine.swift in Sources */,
				CAB028342542072F007E5B72 /* SpeedyBoots.swift in Sources */,
				CAF6F883253B732500BFB507 /* Raceble.swift in Sources */,
				CAB027CF2540D3E0007E5B72 /* TypesOfRace.swift in Sources */,
				CAB0283A25420766007E5B72 /* Mortar.swift in Sources */,
				CAB027C725408A68007E5B72 /* Race.swift in Sources */,
				CAB0283D25420784007E5B72 /* Broom.swift in Sources */,
				CAF6F870253B6B5400BFB507 /* main.swift in Sources */,
				CAB027D22540D4DA007E5B72 /* RaceErrors.swift in Sources */,
				CAB028312542071C007E5B72 /* Centaur.swift in Sources */,
				CAB0283725420756007E5B72 /* FlyCarpet.swift in Sources */,
				CAB0282E254206FD007E5B72 /* SpeedyCamel.swift in Sources */,
				CAB0282B254206CE007E5B72 /* TwinkyCamel.swift in Sources */,
				CAF6F87E253B6BB700BFB507 /* AirRaceMachine.swift in Sources */,
				CAB0284025421319007E5B72 /* RaceMachinesBuilder.swift in Sources */,
				CAB027B62540583E007E5B72 /* Machines.swift in Sources */,
			);
			runOnlyForDeploymentPostprocessing = 0;
		};
/* End PBXSourcesBuildPhase section */

/* Begin XCBuildConfiguration section */
		CAF6F871253B6B5400BFB507 /* Debug */ = {
			isa = XCBuildConfiguration;
			buildSettings = {
				ALWAYS_SEARCH_USER_PATHS = NO;
				CLANG_ANALYZER_NONNULL = YES;
				CLANG_ANALYZER_NUMBER_OBJECT_CONVERSION = YES_AGGRESSIVE;
				CLANG_CXX_LANGUAGE_STANDARD = "gnu++14";
				CLANG_CXX_LIBRARY = "libc++";
				CLANG_ENABLE_MODULES = YES;
				CLANG_ENABLE_OBJC_ARC = YES;
				CLANG_ENABLE_OBJC_WEAK = YES;
				CLANG_WARN_BLOCK_CAPTURE_AUTORELEASING = YES;
				CLANG_WARN_BOOL_CONVERSION = YES;
				CLANG_WARN_COMMA = YES;
				CLANG_WARN_CONSTANT_CONVERSION = YES;
				CLANG_WARN_DEPRECATED_OBJC_IMPLEMENTATIONS = YES;
				CLANG_WARN_DIRECT_OBJC_ISA_USAGE = YES_ERROR;
				CLANG_WARN_DOCUMENTATION_COMMENTS = YES;
				CLANG_WARN_EMPTY_BODY = YES;
				CLANG_WARN_ENUM_CONVERSION = YES;
				CLANG_WARN_INFINITE_RECURSION = YES;
				CLANG_WARN_INT_CONVERSION = YES;
				CLANG_WARN_NON_LITERAL_NULL_CONVERSION = YES;
				CLANG_WARN_OBJC_IMPLICIT_RETAIN_SELF = YES;
				CLANG_WARN_OBJC_LITERAL_CONVERSION = YES;
				CLANG_WARN_OBJC_ROOT_CLASS = YES_ERROR;
				CLANG_WARN_QUOTED_INCLUDE_IN_FRAMEWORK_HEADER = YES;
				CLANG_WARN_RANGE_LOOP_ANALYSIS = YES;
				CLANG_WARN_STRICT_PROTOTYPES = YES;
				CLANG_WARN_SUSPICIOUS_MOVE = YES;
				CLANG_WARN_UNGUARDED_AVAILABILITY = YES_AGGRESSIVE;
				CLANG_WARN_UNREACHABLE_CODE = YES;
				CLANG_WARN__DUPLICATE_METHOD_MATCH = YES;
				COPY_PHASE_STRIP = NO;
				DEBUG_INFORMATION_FORMAT = dwarf;
				ENABLE_STRICT_OBJC_MSGSEND = YES;
				ENABLE_TESTABILITY = YES;
				GCC_C_LANGUAGE_STANDARD = gnu11;
				GCC_DYNAMIC_NO_PIC = NO;
				GCC_NO_COMMON_BLOCKS = YES;
				GCC_OPTIMIZATION_LEVEL = 0;
				GCC_PREPROCESSOR_DEFINITIONS = (
					"DEBUG=1",
					"$(inherited)",
				);
				GCC_WARN_64_TO_32_BIT_CONVERSION = YES;
				GCC_WARN_ABOUT_RETURN_TYPE = YES_ERROR;
				GCC_WARN_UNDECLARED_SELECTOR = YES;
				GCC_WARN_UNINITIALIZED_AUTOS = YES_AGGRESSIVE;
				GCC_WARN_UNUSED_FUNCTION = YES;
				GCC_WARN_UNUSED_VARIABLE = YES;
				MACOSX_DEPLOYMENT_TARGET = 10.15;
				MTL_ENABLE_DEBUG_INFO = INCLUDE_SOURCE;
				MTL_FAST_MATH = YES;
				ONLY_ACTIVE_ARCH = YES;
				SDKROOT = macosx;
				SWIFT_ACTIVE_COMPILATION_CONDITIONS = DEBUG;
				SWIFT_OPTIMIZATION_LEVEL = "-Onone";
			};
			name = Debug;
		};
		CAF6F872253B6B5400BFB507 /* Release */ = {
			isa = XCBuildConfiguration;
			buildSettings = {
				ALWAYS_SEARCH_USER_PATHS = NO;
				CLANG_ANALYZER_NONNULL = YES;
				CLANG_ANALYZER_NUMBER_OBJECT_CONVERSION = YES_AGGRESSIVE;
				CLANG_CXX_LANGUAGE_STANDARD = "gnu++14";
				CLANG_CXX_LIBRARY = "libc++";
				CLANG_ENABLE_MODULES = YES;
				CLANG_ENABLE_OBJC_ARC = YES;
				CLANG_ENABLE_OBJC_WEAK = YES;
				CLANG_WARN_BLOCK_CAPTURE_AUTORELEASING = YES;
				CLANG_WARN_BOOL_CONVERSION = YES;
				CLANG_WARN_COMMA = YES;
				CLANG_WARN_CONSTANT_CONVERSION = YES;
				CLANG_WARN_DEPRECATED_OBJC_IMPLEMENTATIONS = YES;
				CLANG_WARN_DIRECT_OBJC_ISA_USAGE = YES_ERROR;
				CLANG_WARN_DOCUMENTATION_COMMENTS = YES;
				CLANG_WARN_EMPTY_BODY = YES;
				CLANG_WARN_ENUM_CONVERSION = YES;
				CLANG_WARN_INFINITE_RECURSION = YES;
				CLANG_WARN_INT_CONVERSION = YES;
				CLANG_WARN_NON_LITERAL_NULL_CONVERSION = YES;
				CLANG_WARN_OBJC_IMPLICIT_RETAIN_SELF = YES;
				CLANG_WARN_OBJC_LITERAL_CONVERSION = YES;
				CLANG_WARN_OBJC_ROOT_CLASS = YES_ERROR;
				CLANG_WARN_QUOTED_INCLUDE_IN_FRAMEWORK_HEADER = YES;
				CLANG_WARN_RANGE_LOOP_ANALYSIS = YES;
				CLANG_WARN_STRICT_PROTOTYPES = YES;
				CLANG_WARN_SUSPICIOUS_MOVE = YES;
				CLANG_WARN_UNGUARDED_AVAILABILITY = YES_AGGRESSIVE;
				CLANG_WARN_UNREACHABLE_CODE = YES;
				CLANG_WARN__DUPLICATE_METHOD_MATCH = YES;
				COPY_PHASE_STRIP = NO;
				DEBUG_INFORMATION_FORMAT = "dwarf-with-dsym";
				ENABLE_NS_ASSERTIONS = NO;
				ENABLE_STRICT_OBJC_MSGSEND = YES;
				GCC_C_LANGUAGE_STANDARD = gnu11;
				GCC_NO_COMMON_BLOCKS = YES;
				GCC_WARN_64_TO_32_BIT_CONVERSION = YES;
				GCC_WARN_ABOUT_RETURN_TYPE = YES_ERROR;
				GCC_WARN_UNDECLARED_SELECTOR = YES;
				GCC_WARN_UNINITIALIZED_AUTOS = YES_AGGRESSIVE;
				GCC_WARN_UNUSED_FUNCTION = YES;
				GCC_WARN_UNUSED_VARIABLE = YES;
				MACOSX_DEPLOYMENT_TARGET = 10.15;
				MTL_ENABLE_DEBUG_INFO = NO;
				MTL_FAST_MATH = YES;
				SDKROOT = macosx;
				SWIFT_COMPILATION_MODE = wholemodule;
				SWIFT_OPTIMIZATION_LEVEL = "-O";
			};
			name = Release;
		};
		CAF6F874253B6B5400BFB507 /* Debug */ = {
			isa = XCBuildConfiguration;
			buildSettings = {
				CODE_SIGN_STYLE = Automatic;
				DEVELOPMENT_TEAM = 62MNR2QKFT;
				ENABLE_HARDENED_RUNTIME = YES;
				PRODUCT_NAME = "$(TARGET_NAME)";
				SWIFT_VERSION = 5.0;
			};
			name = Debug;
		};
		CAF6F875253B6B5400BFB507 /* Release */ = {
			isa = XCBuildConfiguration;
			buildSettings = {
				CODE_SIGN_STYLE = Automatic;
				DEVELOPMENT_TEAM = 62MNR2QKFT;
				ENABLE_HARDENED_RUNTIME = YES;
				PRODUCT_NAME = "$(TARGET_NAME)";
				SWIFT_VERSION = 5.0;
			};
			name = Release;
		};
/* End XCBuildConfiguration section */

/* Begin XCConfigurationList section */
		CAF6F867253B6B5400BFB507 /* Build configuration list for PBXProject "Race" */ = {
			isa = XCConfigurationList;
			buildConfigurations = (
				CAF6F871253B6B5400BFB507 /* Debug */,
				CAF6F872253B6B5400BFB507 /* Release */,
			);
			defaultConfigurationIsVisible = 0;
			defaultConfigurationName = Release;
		};
		CAF6F873253B6B5400BFB507 /* Build configuration list for PBXNativeTarget "Race" */ = {
			isa = XCConfigurationList;
			buildConfigurations = (
				CAF6F874253B6B5400BFB507 /* Debug */,
				CAF6F875253B6B5400BFB507 /* Release */,
			);
			defaultConfigurationIsVisible = 0;
			defaultConfigurationName = Release;
		};
/* End XCConfigurationList section */
	};
	rootObject = CAF6F864253B6B5400BFB507 /* Project object */;
}
